// !$*UTF8*$!
{
	archiveVersion = 1;
	classes = {
	};
	objectVersion = 56;
	objects = {

/* Begin PBXBuildFile section */
		6B1670A12B9C906000AD68AB /* NewColorEntity+CoreDataClass.swift in Sources */ = {isa = PBXBuildFile; fileRef = 6B1670A02B9C906000AD68AB /* NewColorEntity+CoreDataClass.swift */; };
		6B1670A22B9C906000AD68AB /* NewColorEntity+CoreDataClass.swift in Sources */ = {isa = PBXBuildFile; fileRef = 6B1670A02B9C906000AD68AB /* NewColorEntity+CoreDataClass.swift */; };
		6B1670A42B9C90D000AD68AB /* NewColorEntity+CoreDataProperties.swift in Sources */ = {isa = PBXBuildFile; fileRef = 6B1670A32B9C90D000AD68AB /* NewColorEntity+CoreDataProperties.swift */; };
		6B1670A52B9C90D000AD68AB /* NewColorEntity+CoreDataProperties.swift in Sources */ = {isa = PBXBuildFile; fileRef = 6B1670A32B9C90D000AD68AB /* NewColorEntity+CoreDataProperties.swift */; };
		6B29CE0F2B9E57810011DDA4 /* CustomChartView.swift in Sources */ = {isa = PBXBuildFile; fileRef = 6B29CE0E2B9E57810011DDA4 /* CustomChartView.swift */; };
		6B2A83F92B3613AC00BB1B6A /* SettingsViewModel.swift in Sources */ = {isa = PBXBuildFile; fileRef = 6B2A83F82B3613AC00BB1B6A /* SettingsViewModel.swift */; };
		6B2A83FB2B362FA800BB1B6A /* SetHourSalaryView.swift in Sources */ = {isa = PBXBuildFile; fileRef = 6B2A83FA2B362FA800BB1B6A /* SetHourSalaryView.swift */; };
		6B2FE3202B3C9B8B009B3299 /* ColorPickerView.swift in Sources */ = {isa = PBXBuildFile; fileRef = 6B2FE31F2B3C9B8B009B3299 /* ColorPickerView.swift */; };
		6B3C65002B3DFECB0060158B /* ProgresBarView.swift in Sources */ = {isa = PBXBuildFile; fileRef = 6B3C64FF2B3DFECB0060158B /* ProgresBarView.swift */; };
		6B4B642B2B22406B0063783D /* StatisticByMonthsChartView.swift in Sources */ = {isa = PBXBuildFile; fileRef = 6B4B642A2B22406B0063783D /* StatisticByMonthsChartView.swift */; };
		6B4D269D2B820C2100215DF7 /* MonthEntity+CoreDataClass.swift in Sources */ = {isa = PBXBuildFile; fileRef = 6BB5744B2B6BB7A0007DA12D /* MonthEntity+CoreDataClass.swift */; };
		6B4D269E2B820C2900215DF7 /* MonthEntity+CoreDataProperties.swift in Sources */ = {isa = PBXBuildFile; fileRef = 6BB5744C2B6BB7A0007DA12D /* MonthEntity+CoreDataProperties.swift */; };
		6B4D269F2B820C3400215DF7 /* DayEntity+CoreDataProperties.swift in Sources */ = {isa = PBXBuildFile; fileRef = 6BB5744A2B6BB7A0007DA12D /* DayEntity+CoreDataProperties.swift */; };
		6B4D26A02B820C3700215DF7 /* DayEntity+CoreDataClass.swift in Sources */ = {isa = PBXBuildFile; fileRef = 6BB574492B6BB7A0007DA12D /* DayEntity+CoreDataClass.swift */; };
		6B55422E2B8D3A2D00D374A0 /* DataManager.swift in Sources */ = {isa = PBXBuildFile; fileRef = 6B55422D2B8D3A2D00D374A0 /* DataManager.swift */; };
		6B5842B22B6AF09C00C2688C /* ExportCoreDataView.swift in Sources */ = {isa = PBXBuildFile; fileRef = 6B5842B12B6AF09C00C2688C /* ExportCoreDataView.swift */; };
		6B5A7E1D2B1A6C68007FDA57 /* MonthsViewModel.swift in Sources */ = {isa = PBXBuildFile; fileRef = 6B5A7E1C2B1A6C68007FDA57 /* MonthsViewModel.swift */; };
		6B5A7E1F2B1A7C64007FDA57 /* AddMonthView.swift in Sources */ = {isa = PBXBuildFile; fileRef = 6B5A7E1E2B1A7C64007FDA57 /* AddMonthView.swift */; };
		6B5A7E212B1A8266007FDA57 /* DayDetailView.swift in Sources */ = {isa = PBXBuildFile; fileRef = 6B5A7E202B1A8266007FDA57 /* DayDetailView.swift */; };
		6B5A7E232B1A8B68007FDA57 /* AddDayView.swift in Sources */ = {isa = PBXBuildFile; fileRef = 6B5A7E222B1A8B68007FDA57 /* AddDayView.swift */; };
		6B5A7E262B1A95BD007FDA57 /* Container.xcdatamodeld in Sources */ = {isa = PBXBuildFile; fileRef = 6B5A7E242B1A95BD007FDA57 /* Container.xcdatamodeld */; };
		6B65691D2B6E56B100E7433F /* CalendarView.swift in Sources */ = {isa = PBXBuildFile; fileRef = 6B65691C2B6E56B100E7433F /* CalendarView.swift */; };
		6B65691F2B6E583500E7433F /* CalendarDates.swift in Sources */ = {isa = PBXBuildFile; fileRef = 6B65691E2B6E583500E7433F /* CalendarDates.swift */; };
		6B6569212B6E592E00E7433F /* Extentions.swift in Sources */ = {isa = PBXBuildFile; fileRef = 6B6569202B6E592E00E7433F /* Extentions.swift */; };
		6B6569232B6E712800E7433F /* ListView.swift in Sources */ = {isa = PBXBuildFile; fileRef = 6B6569222B6E712800E7433F /* ListView.swift */; };
		6B6804B92BB1F97C006A5F16 /* OnboardingMainView.swift in Sources */ = {isa = PBXBuildFile; fileRef = 6B6804B82BB1F97C006A5F16 /* OnboardingMainView.swift */; };
		6B6804BB2BB1FA66006A5F16 /* FirstOnboardingView.swift in Sources */ = {isa = PBXBuildFile; fileRef = 6B6804BA2BB1FA66006A5F16 /* FirstOnboardingView.swift */; };
		6B6804BD2BB1FA79006A5F16 /* SecondOnboardingView.swift in Sources */ = {isa = PBXBuildFile; fileRef = 6B6804BC2BB1FA79006A5F16 /* SecondOnboardingView.swift */; };
		6B6804BF2BB1FAAF006A5F16 /* TheardOnboardingView.swift in Sources */ = {isa = PBXBuildFile; fileRef = 6B6804BE2BB1FAAF006A5F16 /* TheardOnboardingView.swift */; };
		6B6804C72BB3196E006A5F16 /* FourthOnboardingView.swift in Sources */ = {isa = PBXBuildFile; fileRef = 6B6804C62BB3196E006A5F16 /* FourthOnboardingView.swift */; };
		6B6804CA2BB32162006A5F16 /* OnboardingViewModel.swift in Sources */ = {isa = PBXBuildFile; fileRef = 6B6804C92BB32162006A5F16 /* OnboardingViewModel.swift */; };
		6B6804CC2BB3511E006A5F16 /* HapticEngineManager.swift in Sources */ = {isa = PBXBuildFile; fileRef = 6B6804CB2BB3511E006A5F16 /* HapticEngineManager.swift */; };
		6B708FE22B1A5DEA0099C4AA /* Employe_s_AssistantApp.swift in Sources */ = {isa = PBXBuildFile; fileRef = 6B708FE12B1A5DEA0099C4AA /* Employe_s_AssistantApp.swift */; };
		6B708FE42B1A5DEA0099C4AA /* ContentView.swift in Sources */ = {isa = PBXBuildFile; fileRef = 6B708FE32B1A5DEA0099C4AA /* ContentView.swift */; };
		6B708FE62B1A5DEB0099C4AA /* Assets.xcassets in Resources */ = {isa = PBXBuildFile; fileRef = 6B708FE52B1A5DEB0099C4AA /* Assets.xcassets */; };
		6B708FE92B1A5DEB0099C4AA /* Preview Assets.xcassets in Resources */ = {isa = PBXBuildFile; fileRef = 6B708FE82B1A5DEB0099C4AA /* Preview Assets.xcassets */; };
		6B708FFD2B1A611E0099C4AA /* MonthsMainView.swift in Sources */ = {isa = PBXBuildFile; fileRef = 6B708FFC2B1A611E0099C4AA /* MonthsMainView.swift */; };
		6B708FFF2B1A612D0099C4AA /* StatisticMainView.swift in Sources */ = {isa = PBXBuildFile; fileRef = 6B708FFE2B1A612D0099C4AA /* StatisticMainView.swift */; };
		6B7090032B1A61440099C4AA /* SettingsMainView.swift in Sources */ = {isa = PBXBuildFile; fileRef = 6B7090022B1A61440099C4AA /* SettingsMainView.swift */; };
		6B7090062B1A61900099C4AA /* Enums.swift in Sources */ = {isa = PBXBuildFile; fileRef = 6B7090052B1A61900099C4AA /* Enums.swift */; };
		6B70900C2B1A69B60099C4AA /* CoreDataManager.swift in Sources */ = {isa = PBXBuildFile; fileRef = 6B70900B2B1A69B60099C4AA /* CoreDataManager.swift */; };
		6B7A849C2B9C88C900D1ED36 /* Extentions.swift in Sources */ = {isa = PBXBuildFile; fileRef = 6B7A849B2B9C88C900D1ED36 /* Extentions.swift */; };
		6B7A849E2B9C89A700D1ED36 /* WidgetViewModel.swift in Sources */ = {isa = PBXBuildFile; fileRef = 6B7A849D2B9C89A700D1ED36 /* WidgetViewModel.swift */; };
		6B7A84A02B9C8B1800D1ED36 /* SimpleEntry.swift in Sources */ = {isa = PBXBuildFile; fileRef = 6B7A849F2B9C8B1800D1ED36 /* SimpleEntry.swift */; };
		6B9427BD2B48837F00535A16 /* Localizable.strings in Resources */ = {isa = PBXBuildFile; fileRef = 6B9427BF2B48837F00535A16 /* Localizable.strings */; };
		6B9427C52B496E4400535A16 /* MonthsModel.swift in Sources */ = {isa = PBXBuildFile; fileRef = 6B9427C42B496E4400535A16 /* MonthsModel.swift */; };
		6B9427C72B496E7200535A16 /* DaysModel.swift in Sources */ = {isa = PBXBuildFile; fileRef = 6B9427C62B496E7200535A16 /* DaysModel.swift */; };
		6B98ABD72B654A100097DF54 /* AlternativeIconView.swift in Sources */ = {isa = PBXBuildFile; fileRef = 6B98ABD62B654A100097DF54 /* AlternativeIconView.swift */; };
		6B98ABE42B6558F70097DF54 /* Icon1.png in Resources */ = {isa = PBXBuildFile; fileRef = 6B98ABE22B6558F70097DF54 /* Icon1.png */; };
		6B98ABE52B6558F70097DF54 /* Icon2.png in Resources */ = {isa = PBXBuildFile; fileRef = 6B98ABE32B6558F70097DF54 /* Icon2.png */; };
		6B98ABEB2B6576D00097DF54 /* Icon3.png in Resources */ = {isa = PBXBuildFile; fileRef = 6B98ABE82B6576D00097DF54 /* Icon3.png */; };
		6B98ABEC2B6576D00097DF54 /* Icon4.png in Resources */ = {isa = PBXBuildFile; fileRef = 6B98ABE92B6576D00097DF54 /* Icon4.png */; };
		6B98ABED2B6576D00097DF54 /* Icon5.png in Resources */ = {isa = PBXBuildFile; fileRef = 6B98ABEA2B6576D00097DF54 /* Icon5.png */; };
		6B98ABEF2B6587C80097DF54 /* CustomPopOver.swift in Sources */ = {isa = PBXBuildFile; fileRef = 6B98ABEE2B6587C80097DF54 /* CustomPopOver.swift */; };
		6BA82F242B81F29D00CD3ED1 /* WidgetKit.framework in Frameworks */ = {isa = PBXBuildFile; fileRef = 6B388F522B768D410085973F /* WidgetKit.framework */; };
		6BA82F252B81F29D00CD3ED1 /* SwiftUI.framework in Frameworks */ = {isa = PBXBuildFile; fileRef = 6B388F542B768D410085973F /* SwiftUI.framework */; };
		6BA82F282B81F29D00CD3ED1 /* statistic_employes_assistantBundle.swift in Sources */ = {isa = PBXBuildFile; fileRef = 6BA82F272B81F29D00CD3ED1 /* statistic_employes_assistantBundle.swift */; };
		6BA82F2A2B81F29D00CD3ED1 /* statistic_employes_assistant.swift in Sources */ = {isa = PBXBuildFile; fileRef = 6BA82F292B81F29D00CD3ED1 /* statistic_employes_assistant.swift */; };
		6BA82F2C2B81F29D00CD3ED1 /* AppIntent.swift in Sources */ = {isa = PBXBuildFile; fileRef = 6BA82F2B2B81F29D00CD3ED1 /* AppIntent.swift */; };
		6BA82F2E2B81F29E00CD3ED1 /* Assets.xcassets in Resources */ = {isa = PBXBuildFile; fileRef = 6BA82F2D2B81F29E00CD3ED1 /* Assets.xcassets */; };
		6BA82F322B81F29E00CD3ED1 /* statistic.employes-assistantExtension.appex in Embed Foundation Extensions */ = {isa = PBXBuildFile; fileRef = 6BA82F232B81F29D00CD3ED1 /* statistic.employes-assistantExtension.appex */; settings = {ATTRIBUTES = (RemoveHeadersOnCopy, ); }; };
		6BA82F372B81F73A00CD3ED1 /* Container.xcdatamodeld in Sources */ = {isa = PBXBuildFile; fileRef = 6B5A7E242B1A95BD007FDA57 /* Container.xcdatamodeld */; };
		6BA82F392B81FF9800CD3ED1 /* CoreDataManager.swift in Sources */ = {isa = PBXBuildFile; fileRef = 6B70900B2B1A69B60099C4AA /* CoreDataManager.swift */; };
		6BB5744D2B6BB7A0007DA12D /* DayEntity+CoreDataClass.swift in Sources */ = {isa = PBXBuildFile; fileRef = 6BB574492B6BB7A0007DA12D /* DayEntity+CoreDataClass.swift */; };
		6BB5744E2B6BB7A0007DA12D /* DayEntity+CoreDataProperties.swift in Sources */ = {isa = PBXBuildFile; fileRef = 6BB5744A2B6BB7A0007DA12D /* DayEntity+CoreDataProperties.swift */; };
		6BB5744F2B6BB7A0007DA12D /* MonthEntity+CoreDataClass.swift in Sources */ = {isa = PBXBuildFile; fileRef = 6BB5744B2B6BB7A0007DA12D /* MonthEntity+CoreDataClass.swift */; };
		6BB574502B6BB7A0007DA12D /* MonthEntity+CoreDataProperties.swift in Sources */ = {isa = PBXBuildFile; fileRef = 6BB5744C2B6BB7A0007DA12D /* MonthEntity+CoreDataProperties.swift */; };
		6BB574532B6BC552007DA12D /* CustomShareSheetView.swift in Sources */ = {isa = PBXBuildFile; fileRef = 6BB574522B6BC552007DA12D /* CustomShareSheetView.swift */; };
		6BBF3D6F2B1B25AB00C40227 /* MoreDetailsOfDayView.swift in Sources */ = {isa = PBXBuildFile; fileRef = 6BBF3D6E2B1B25AB00C40227 /* MoreDetailsOfDayView.swift */; };
		6BBF3D732B1B2D2400C40227 /* DatePickerVIew.swift in Sources */ = {isa = PBXBuildFile; fileRef = 6BBF3D722B1B2D2400C40227 /* DatePickerVIew.swift */; };
		6BBF3D752B1B44C000C40227 /* MonthProgressBarView.swift in Sources */ = {isa = PBXBuildFile; fileRef = 6BBF3D742B1B44C000C40227 /* MonthProgressBarView.swift */; };
		6BBF3D772B1B52F100C40227 /* StatisticViewModel.swift in Sources */ = {isa = PBXBuildFile; fileRef = 6BBF3D762B1B52F100C40227 /* StatisticViewModel.swift */; };
		6BBF3D792B1B582500C40227 /* MonthDetailView.swift in Sources */ = {isa = PBXBuildFile; fileRef = 6BBF3D782B1B582500C40227 /* MonthDetailView.swift */; };
		6BBF3D7B2B1BA47800C40227 /* ChartView.swift in Sources */ = {isa = PBXBuildFile; fileRef = 6BBF3D7A2B1BA47800C40227 /* ChartView.swift */; };
		6BE3289F2B939D7600D4CB4A /* CalendarDates.swift in Sources */ = {isa = PBXBuildFile; fileRef = 6B65691E2B6E583500E7433F /* CalendarDates.swift */; };
/* End PBXBuildFile section */

/* Begin PBXContainerItemProxy section */
		6BA82F302B81F29E00CD3ED1 /* PBXContainerItemProxy */ = {
			isa = PBXContainerItemProxy;
			containerPortal = 6B708FD62B1A5DEA0099C4AA /* Project object */;
			proxyType = 1;
			remoteGlobalIDString = 6BA82F222B81F29D00CD3ED1;
			remoteInfo = "statistic.employes-assistantExtension";
		};
/* End PBXContainerItemProxy section */

/* Begin PBXCopyFilesBuildPhase section */
		6B65693D2B7017C100E7433F /* Embed Foundation Extensions */ = {
			isa = PBXCopyFilesBuildPhase;
			buildActionMask = 2147483647;
			dstPath = "";
			dstSubfolderSpec = 13;
			files = (
				6BA82F322B81F29E00CD3ED1 /* statistic.employes-assistantExtension.appex in Embed Foundation Extensions */,
			);
			name = "Embed Foundation Extensions";
			runOnlyForDeploymentPostprocessing = 0;
		};
/* End PBXCopyFilesBuildPhase section */

/* Begin PBXFileReference section */
		6B1670A02B9C906000AD68AB /* NewColorEntity+CoreDataClass.swift */ = {isa = PBXFileReference; lastKnownFileType = sourcecode.swift; path = "NewColorEntity+CoreDataClass.swift"; sourceTree = "<group>"; };
		6B1670A32B9C90D000AD68AB /* NewColorEntity+CoreDataProperties.swift */ = {isa = PBXFileReference; lastKnownFileType = sourcecode.swift; path = "NewColorEntity+CoreDataProperties.swift"; sourceTree = "<group>"; };
		6B29CE0E2B9E57810011DDA4 /* CustomChartView.swift */ = {isa = PBXFileReference; lastKnownFileType = sourcecode.swift; path = CustomChartView.swift; sourceTree = "<group>"; };
		6B2A83F82B3613AC00BB1B6A /* SettingsViewModel.swift */ = {isa = PBXFileReference; lastKnownFileType = sourcecode.swift; path = SettingsViewModel.swift; sourceTree = "<group>"; };
		6B2A83FA2B362FA800BB1B6A /* SetHourSalaryView.swift */ = {isa = PBXFileReference; lastKnownFileType = sourcecode.swift; path = SetHourSalaryView.swift; sourceTree = "<group>"; };
		6B2FE31F2B3C9B8B009B3299 /* ColorPickerView.swift */ = {isa = PBXFileReference; lastKnownFileType = sourcecode.swift; path = ColorPickerView.swift; sourceTree = "<group>"; };
		6B388F522B768D410085973F /* WidgetKit.framework */ = {isa = PBXFileReference; lastKnownFileType = wrapper.framework; name = WidgetKit.framework; path = System/Library/Frameworks/WidgetKit.framework; sourceTree = SDKROOT; };
		6B388F542B768D410085973F /* SwiftUI.framework */ = {isa = PBXFileReference; lastKnownFileType = wrapper.framework; name = SwiftUI.framework; path = System/Library/Frameworks/SwiftUI.framework; sourceTree = SDKROOT; };
		6B3C64FF2B3DFECB0060158B /* ProgresBarView.swift */ = {isa = PBXFileReference; lastKnownFileType = sourcecode.swift; path = ProgresBarView.swift; sourceTree = "<group>"; };
		6B4B642A2B22406B0063783D /* StatisticByMonthsChartView.swift */ = {isa = PBXFileReference; lastKnownFileType = sourcecode.swift; path = StatisticByMonthsChartView.swift; sourceTree = "<group>"; };
		6B55422D2B8D3A2D00D374A0 /* DataManager.swift */ = {isa = PBXFileReference; lastKnownFileType = sourcecode.swift; path = DataManager.swift; sourceTree = "<group>"; };
		6B5842B12B6AF09C00C2688C /* ExportCoreDataView.swift */ = {isa = PBXFileReference; lastKnownFileType = sourcecode.swift; path = ExportCoreDataView.swift; sourceTree = "<group>"; };
		6B5A7E1C2B1A6C68007FDA57 /* MonthsViewModel.swift */ = {isa = PBXFileReference; lastKnownFileType = sourcecode.swift; path = MonthsViewModel.swift; sourceTree = "<group>"; };
		6B5A7E1E2B1A7C64007FDA57 /* AddMonthView.swift */ = {isa = PBXFileReference; lastKnownFileType = sourcecode.swift; path = AddMonthView.swift; sourceTree = "<group>"; };
		6B5A7E202B1A8266007FDA57 /* DayDetailView.swift */ = {isa = PBXFileReference; lastKnownFileType = sourcecode.swift; path = DayDetailView.swift; sourceTree = "<group>"; };
		6B5A7E222B1A8B68007FDA57 /* AddDayView.swift */ = {isa = PBXFileReference; lastKnownFileType = sourcecode.swift; path = AddDayView.swift; sourceTree = "<group>"; };
		6B5A7E252B1A95BD007FDA57 /* Container.xcdatamodel */ = {isa = PBXFileReference; lastKnownFileType = wrapper.xcdatamodel; path = Container.xcdatamodel; sourceTree = "<group>"; };
		6B65691C2B6E56B100E7433F /* CalendarView.swift */ = {isa = PBXFileReference; lastKnownFileType = sourcecode.swift; path = CalendarView.swift; sourceTree = "<group>"; };
		6B65691E2B6E583500E7433F /* CalendarDates.swift */ = {isa = PBXFileReference; lastKnownFileType = sourcecode.swift; path = CalendarDates.swift; sourceTree = "<group>"; };
		6B6569202B6E592E00E7433F /* Extentions.swift */ = {isa = PBXFileReference; lastKnownFileType = sourcecode.swift; path = Extentions.swift; sourceTree = "<group>"; };
		6B6569222B6E712800E7433F /* ListView.swift */ = {isa = PBXFileReference; lastKnownFileType = sourcecode.swift; path = ListView.swift; sourceTree = "<group>"; };
		6B6804B82BB1F97C006A5F16 /* OnboardingMainView.swift */ = {isa = PBXFileReference; lastKnownFileType = sourcecode.swift; path = OnboardingMainView.swift; sourceTree = "<group>"; };
		6B6804BA2BB1FA66006A5F16 /* FirstOnboardingView.swift */ = {isa = PBXFileReference; lastKnownFileType = sourcecode.swift; path = FirstOnboardingView.swift; sourceTree = "<group>"; };
		6B6804BC2BB1FA79006A5F16 /* SecondOnboardingView.swift */ = {isa = PBXFileReference; lastKnownFileType = sourcecode.swift; path = SecondOnboardingView.swift; sourceTree = "<group>"; };
		6B6804BE2BB1FAAF006A5F16 /* TheardOnboardingView.swift */ = {isa = PBXFileReference; lastKnownFileType = sourcecode.swift; path = TheardOnboardingView.swift; sourceTree = "<group>"; };
		6B6804C62BB3196E006A5F16 /* FourthOnboardingView.swift */ = {isa = PBXFileReference; lastKnownFileType = sourcecode.swift; path = FourthOnboardingView.swift; sourceTree = "<group>"; };
		6B6804C92BB32162006A5F16 /* OnboardingViewModel.swift */ = {isa = PBXFileReference; lastKnownFileType = sourcecode.swift; path = OnboardingViewModel.swift; sourceTree = "<group>"; };
		6B6804CB2BB3511E006A5F16 /* HapticEngineManager.swift */ = {isa = PBXFileReference; lastKnownFileType = sourcecode.swift; path = HapticEngineManager.swift; sourceTree = "<group>"; };
		6B708FDE2B1A5DEA0099C4AA /* Employee's Assistant.app */ = {isa = PBXFileReference; explicitFileType = wrapper.application; includeInIndex = 0; path = "Employee's Assistant.app"; sourceTree = BUILT_PRODUCTS_DIR; };
		6B708FE12B1A5DEA0099C4AA /* Employe_s_AssistantApp.swift */ = {isa = PBXFileReference; lastKnownFileType = sourcecode.swift; path = Employe_s_AssistantApp.swift; sourceTree = "<group>"; };
		6B708FE32B1A5DEA0099C4AA /* ContentView.swift */ = {isa = PBXFileReference; lastKnownFileType = sourcecode.swift; path = ContentView.swift; sourceTree = "<group>"; };
		6B708FE52B1A5DEB0099C4AA /* Assets.xcassets */ = {isa = PBXFileReference; lastKnownFileType = folder.assetcatalog; path = Assets.xcassets; sourceTree = "<group>"; };
		6B708FE82B1A5DEB0099C4AA /* Preview Assets.xcassets */ = {isa = PBXFileReference; lastKnownFileType = folder.assetcatalog; path = "Preview Assets.xcassets"; sourceTree = "<group>"; };
		6B708FFC2B1A611E0099C4AA /* MonthsMainView.swift */ = {isa = PBXFileReference; lastKnownFileType = sourcecode.swift; path = MonthsMainView.swift; sourceTree = "<group>"; };
		6B708FFE2B1A612D0099C4AA /* StatisticMainView.swift */ = {isa = PBXFileReference; lastKnownFileType = sourcecode.swift; path = StatisticMainView.swift; sourceTree = "<group>"; };
		6B7090022B1A61440099C4AA /* SettingsMainView.swift */ = {isa = PBXFileReference; lastKnownFileType = sourcecode.swift; path = SettingsMainView.swift; sourceTree = "<group>"; };
		6B7090052B1A61900099C4AA /* Enums.swift */ = {isa = PBXFileReference; lastKnownFileType = sourcecode.swift; path = Enums.swift; sourceTree = "<group>"; };
		6B70900B2B1A69B60099C4AA /* CoreDataManager.swift */ = {isa = PBXFileReference; lastKnownFileType = sourcecode.swift; path = CoreDataManager.swift; sourceTree = "<group>"; };
		6B7A849B2B9C88C900D1ED36 /* Extentions.swift */ = {isa = PBXFileReference; lastKnownFileType = sourcecode.swift; path = Extentions.swift; sourceTree = "<group>"; };
		6B7A849D2B9C89A700D1ED36 /* WidgetViewModel.swift */ = {isa = PBXFileReference; lastKnownFileType = sourcecode.swift; path = WidgetViewModel.swift; sourceTree = "<group>"; };
		6B7A849F2B9C8B1800D1ED36 /* SimpleEntry.swift */ = {isa = PBXFileReference; lastKnownFileType = sourcecode.swift; path = SimpleEntry.swift; sourceTree = "<group>"; };
		6B9427BE2B48837F00535A16 /* en */ = {isa = PBXFileReference; lastKnownFileType = text.plist.strings; name = en; path = en.lproj/Localizable.strings; sourceTree = "<group>"; };
		6B9427C12B4883A900535A16 /* uk */ = {isa = PBXFileReference; lastKnownFileType = text.plist.strings; name = uk; path = uk.lproj/Localizable.strings; sourceTree = "<group>"; };
		6B9427C22B4883B200535A16 /* cs */ = {isa = PBXFileReference; lastKnownFileType = text.plist.strings; name = cs; path = cs.lproj/Localizable.strings; sourceTree = "<group>"; };
		6B9427C42B496E4400535A16 /* MonthsModel.swift */ = {isa = PBXFileReference; lastKnownFileType = sourcecode.swift; path = MonthsModel.swift; sourceTree = "<group>"; };
		6B9427C62B496E7200535A16 /* DaysModel.swift */ = {isa = PBXFileReference; lastKnownFileType = sourcecode.swift; path = DaysModel.swift; sourceTree = "<group>"; };
		6B98ABD62B654A100097DF54 /* AlternativeIconView.swift */ = {isa = PBXFileReference; lastKnownFileType = sourcecode.swift; path = AlternativeIconView.swift; sourceTree = "<group>"; };
		6B98ABD82B654AF10097DF54 /* Employee-s-Assistant-Info.plist */ = {isa = PBXFileReference; lastKnownFileType = text.plist; path = "Employee-s-Assistant-Info.plist"; sourceTree = "<group>"; };
		6B98ABE22B6558F70097DF54 /* Icon1.png */ = {isa = PBXFileReference; lastKnownFileType = image.png; path = Icon1.png; sourceTree = "<group>"; };
		6B98ABE32B6558F70097DF54 /* Icon2.png */ = {isa = PBXFileReference; lastKnownFileType = image.png; path = Icon2.png; sourceTree = "<group>"; };
		6B98ABE82B6576D00097DF54 /* Icon3.png */ = {isa = PBXFileReference; lastKnownFileType = image.png; path = Icon3.png; sourceTree = "<group>"; };
		6B98ABE92B6576D00097DF54 /* Icon4.png */ = {isa = PBXFileReference; lastKnownFileType = image.png; path = Icon4.png; sourceTree = "<group>"; };
		6B98ABEA2B6576D00097DF54 /* Icon5.png */ = {isa = PBXFileReference; lastKnownFileType = image.png; path = Icon5.png; sourceTree = "<group>"; };
		6B98ABEE2B6587C80097DF54 /* CustomPopOver.swift */ = {isa = PBXFileReference; lastKnownFileType = sourcecode.swift; path = CustomPopOver.swift; sourceTree = "<group>"; };
		6BA82F232B81F29D00CD3ED1 /* statistic.employes-assistantExtension.appex */ = {isa = PBXFileReference; explicitFileType = "wrapper.app-extension"; includeInIndex = 0; path = "statistic.employes-assistantExtension.appex"; sourceTree = BUILT_PRODUCTS_DIR; };
		6BA82F272B81F29D00CD3ED1 /* statistic_employes_assistantBundle.swift */ = {isa = PBXFileReference; lastKnownFileType = sourcecode.swift; path = statistic_employes_assistantBundle.swift; sourceTree = "<group>"; };
		6BA82F292B81F29D00CD3ED1 /* statistic_employes_assistant.swift */ = {isa = PBXFileReference; lastKnownFileType = sourcecode.swift; path = statistic_employes_assistant.swift; sourceTree = "<group>"; };
		6BA82F2B2B81F29D00CD3ED1 /* AppIntent.swift */ = {isa = PBXFileReference; lastKnownFileType = sourcecode.swift; path = AppIntent.swift; sourceTree = "<group>"; };
		6BA82F2D2B81F29E00CD3ED1 /* Assets.xcassets */ = {isa = PBXFileReference; lastKnownFileType = folder.assetcatalog; path = Assets.xcassets; sourceTree = "<group>"; };
		6BA82F2F2B81F29E00CD3ED1 /* Info.plist */ = {isa = PBXFileReference; lastKnownFileType = text.plist.xml; path = Info.plist; sourceTree = "<group>"; };
		6BA82F362B81F2B400CD3ED1 /* statistic.employes-assistantExtension.entitlements */ = {isa = PBXFileReference; lastKnownFileType = text.plist.entitlements; path = "statistic.employes-assistantExtension.entitlements"; sourceTree = "<group>"; };
		6BB574492B6BB7A0007DA12D /* DayEntity+CoreDataClass.swift */ = {isa = PBXFileReference; lastKnownFileType = sourcecode.swift; path = "DayEntity+CoreDataClass.swift"; sourceTree = "<group>"; };
		6BB5744A2B6BB7A0007DA12D /* DayEntity+CoreDataProperties.swift */ = {isa = PBXFileReference; lastKnownFileType = sourcecode.swift; path = "DayEntity+CoreDataProperties.swift"; sourceTree = "<group>"; };
		6BB5744B2B6BB7A0007DA12D /* MonthEntity+CoreDataClass.swift */ = {isa = PBXFileReference; lastKnownFileType = sourcecode.swift; path = "MonthEntity+CoreDataClass.swift"; sourceTree = "<group>"; };
		6BB5744C2B6BB7A0007DA12D /* MonthEntity+CoreDataProperties.swift */ = {isa = PBXFileReference; lastKnownFileType = sourcecode.swift; path = "MonthEntity+CoreDataProperties.swift"; sourceTree = "<group>"; };
		6BB574522B6BC552007DA12D /* CustomShareSheetView.swift */ = {isa = PBXFileReference; lastKnownFileType = sourcecode.swift; path = CustomShareSheetView.swift; sourceTree = "<group>"; };
		6BBF3D6E2B1B25AB00C40227 /* MoreDetailsOfDayView.swift */ = {isa = PBXFileReference; lastKnownFileType = sourcecode.swift; path = MoreDetailsOfDayView.swift; sourceTree = "<group>"; };
		6BBF3D722B1B2D2400C40227 /* DatePickerVIew.swift */ = {isa = PBXFileReference; lastKnownFileType = sourcecode.swift; path = DatePickerVIew.swift; sourceTree = "<group>"; };
		6BBF3D742B1B44C000C40227 /* MonthProgressBarView.swift */ = {isa = PBXFileReference; lastKnownFileType = sourcecode.swift; path = MonthProgressBarView.swift; sourceTree = "<group>"; };
		6BBF3D762B1B52F100C40227 /* StatisticViewModel.swift */ = {isa = PBXFileReference; lastKnownFileType = sourcecode.swift; path = StatisticViewModel.swift; sourceTree = "<group>"; };
		6BBF3D782B1B582500C40227 /* MonthDetailView.swift */ = {isa = PBXFileReference; fileEncoding = 4; lastKnownFileType = sourcecode.swift; path = MonthDetailView.swift; sourceTree = "<group>"; };
		6BBF3D7A2B1BA47800C40227 /* ChartView.swift */ = {isa = PBXFileReference; lastKnownFileType = sourcecode.swift; path = ChartView.swift; sourceTree = "<group>"; };
/* End PBXFileReference section */

/* Begin PBXFrameworksBuildPhase section */
		6B708FDB2B1A5DEA0099C4AA /* Frameworks */ = {
			isa = PBXFrameworksBuildPhase;
			buildActionMask = 2147483647;
			files = (
			);
			runOnlyForDeploymentPostprocessing = 0;
		};
		6BA82F202B81F29D00CD3ED1 /* Frameworks */ = {
			isa = PBXFrameworksBuildPhase;
			buildActionMask = 2147483647;
			files = (
				6BA82F252B81F29D00CD3ED1 /* SwiftUI.framework in Frameworks */,
				6BA82F242B81F29D00CD3ED1 /* WidgetKit.framework in Frameworks */,
			);
			runOnlyForDeploymentPostprocessing = 0;
		};
/* End PBXFrameworksBuildPhase section */

/* Begin PBXGroup section */
		6B388F512B768D410085973F /* Frameworks */ = {
			isa = PBXGroup;
			children = (
				6B388F522B768D410085973F /* WidgetKit.framework */,
				6B388F542B768D410085973F /* SwiftUI.framework */,
			);
			name = Frameworks;
			sourceTree = "<group>";
		};
		6B6804B72BB1F95E006A5F16 /* Onboarding */ = {
			isa = PBXGroup;
			children = (
				6B6804C82BB32142006A5F16 /* ViewModel */,
				6B6804C02BB1FCCF006A5F16 /* Views */,
			);
			path = Onboarding;
			sourceTree = "<group>";
		};
		6B6804C02BB1FCCF006A5F16 /* Views */ = {
			isa = PBXGroup;
			children = (
				6B6804B82BB1F97C006A5F16 /* OnboardingMainView.swift */,
				6B6804BA2BB1FA66006A5F16 /* FirstOnboardingView.swift */,
				6B6804BC2BB1FA79006A5F16 /* SecondOnboardingView.swift */,
				6B6804BE2BB1FAAF006A5F16 /* TheardOnboardingView.swift */,
				6B6804C62BB3196E006A5F16 /* FourthOnboardingView.swift */,
			);
			path = Views;
			sourceTree = "<group>";
		};
		6B6804C82BB32142006A5F16 /* ViewModel */ = {
			isa = PBXGroup;
			children = (
				6B6804C92BB32162006A5F16 /* OnboardingViewModel.swift */,
			);
			path = ViewModel;
			sourceTree = "<group>";
		};
		6B708FD52B1A5DEA0099C4AA = {
			isa = PBXGroup;
			children = (
				6BA82F362B81F2B400CD3ED1 /* statistic.employes-assistantExtension.entitlements */,
				6B98ABD82B654AF10097DF54 /* Employee-s-Assistant-Info.plist */,
				6B708FE02B1A5DEA0099C4AA /* Employe's Assistant */,
				6BA82F262B81F29D00CD3ED1 /* statistic.employes-assistant */,
				6B388F512B768D410085973F /* Frameworks */,
				6B708FDF2B1A5DEA0099C4AA /* Products */,
			);
			sourceTree = "<group>";
		};
		6B708FDF2B1A5DEA0099C4AA /* Products */ = {
			isa = PBXGroup;
			children = (
				6B708FDE2B1A5DEA0099C4AA /* Employee's Assistant.app */,
				6BA82F232B81F29D00CD3ED1 /* statistic.employes-assistantExtension.appex */,
			);
			name = Products;
			sourceTree = "<group>";
		};
		6B708FE02B1A5DEA0099C4AA /* Employe's Assistant */ = {
			isa = PBXGroup;
			children = (
				6B708FE12B1A5DEA0099C4AA /* Employe_s_AssistantApp.swift */,
				6B9427C02B48838D00535A16 /* Localization */,
				6B708FEF2B1A5FFD0099C4AA /* Core */,
				6B7090072B1A64E20099C4AA /* CoreData */,
				6B7090042B1A617D0099C4AA /* Utilities */,
				6B98ABD92B654BEE0097DF54 /* AlternativeIcons */,
				6B708FE52B1A5DEB0099C4AA /* Assets.xcassets */,
				6B708FE72B1A5DEB0099C4AA /* Preview Content */,
			);
			path = "Employe's Assistant";
			sourceTree = "<group>";
		};
		6B708FE72B1A5DEB0099C4AA /* Preview Content */ = {
			isa = PBXGroup;
			children = (
				6B708FE82B1A5DEB0099C4AA /* Preview Assets.xcassets */,
			);
			path = "Preview Content";
			sourceTree = "<group>";
		};
		6B708FEF2B1A5FFD0099C4AA /* Core */ = {
			isa = PBXGroup;
			children = (
				6B708FE32B1A5DEA0099C4AA /* ContentView.swift */,
				6B6804B72BB1F95E006A5F16 /* Onboarding */,
				6B708FF02B1A60090099C4AA /* Months */,
				6B708FF32B1A60550099C4AA /* Statistic */,
				6B708FF92B1A60CF0099C4AA /* Settings */,
			);
			path = Core;
			sourceTree = "<group>";
		};
		6B708FF02B1A60090099C4AA /* Months */ = {
			isa = PBXGroup;
			children = (
				6B9427C32B496E3000535A16 /* Models */,
				6B708FF12B1A603B0099C4AA /* Views */,
				6B708FF22B1A60400099C4AA /* ViewModel */,
			);
			path = Months;
			sourceTree = "<group>";
		};
		6B708FF12B1A603B0099C4AA /* Views */ = {
			isa = PBXGroup;
			children = (
				6B708FFC2B1A611E0099C4AA /* MonthsMainView.swift */,
				6B5A7E1E2B1A7C64007FDA57 /* AddMonthView.swift */,
				6B5A7E202B1A8266007FDA57 /* DayDetailView.swift */,
				6BBF3D6E2B1B25AB00C40227 /* MoreDetailsOfDayView.swift */,
				6B6569222B6E712800E7433F /* ListView.swift */,
				6B5A7E222B1A8B68007FDA57 /* AddDayView.swift */,
				6BBF3D742B1B44C000C40227 /* MonthProgressBarView.swift */,
				6B3C64FF2B3DFECB0060158B /* ProgresBarView.swift */,
				6B65691C2B6E56B100E7433F /* CalendarView.swift */,
				6BBF3D722B1B2D2400C40227 /* DatePickerVIew.swift */,
			);
			path = Views;
			sourceTree = "<group>";
		};
		6B708FF22B1A60400099C4AA /* ViewModel */ = {
			isa = PBXGroup;
			children = (
				6B5A7E1C2B1A6C68007FDA57 /* MonthsViewModel.swift */,
			);
			path = ViewModel;
			sourceTree = "<group>";
		};
		6B708FF32B1A60550099C4AA /* Statistic */ = {
			isa = PBXGroup;
			children = (
				6B708FF42B1A608A0099C4AA /* Views */,
				6B708FF52B1A60970099C4AA /* ViewModel */,
			);
			path = Statistic;
			sourceTree = "<group>";
		};
		6B708FF42B1A608A0099C4AA /* Views */ = {
			isa = PBXGroup;
			children = (
				6BBF3D782B1B582500C40227 /* MonthDetailView.swift */,
				6B708FFE2B1A612D0099C4AA /* StatisticMainView.swift */,
				6B29CE0E2B9E57810011DDA4 /* CustomChartView.swift */,
				6BBF3D7A2B1BA47800C40227 /* ChartView.swift */,
				6B4B642A2B22406B0063783D /* StatisticByMonthsChartView.swift */,
			);
			path = Views;
			sourceTree = "<group>";
		};
		6B708FF52B1A60970099C4AA /* ViewModel */ = {
			isa = PBXGroup;
			children = (
				6BBF3D762B1B52F100C40227 /* StatisticViewModel.swift */,
			);
			path = ViewModel;
			sourceTree = "<group>";
		};
		6B708FF92B1A60CF0099C4AA /* Settings */ = {
			isa = PBXGroup;
			children = (
				6B708FFA2B1A60DB0099C4AA /* Views */,
				6B708FFB2B1A60E20099C4AA /* ViewModel */,
			);
			path = Settings;
			sourceTree = "<group>";
		};
		6B708FFA2B1A60DB0099C4AA /* Views */ = {
			isa = PBXGroup;
			children = (
				6B7090022B1A61440099C4AA /* SettingsMainView.swift */,
				6B5842B12B6AF09C00C2688C /* ExportCoreDataView.swift */,
				6B2A83FA2B362FA800BB1B6A /* SetHourSalaryView.swift */,
				6B98ABEE2B6587C80097DF54 /* CustomPopOver.swift */,
				6B98ABD62B654A100097DF54 /* AlternativeIconView.swift */,
				6BB574522B6BC552007DA12D /* CustomShareSheetView.swift */,
				6B2FE31F2B3C9B8B009B3299 /* ColorPickerView.swift */,
			);
			path = Views;
			sourceTree = "<group>";
		};
		6B708FFB2B1A60E20099C4AA /* ViewModel */ = {
			isa = PBXGroup;
			children = (
				6B2A83F82B3613AC00BB1B6A /* SettingsViewModel.swift */,
			);
			path = ViewModel;
			sourceTree = "<group>";
		};
		6B7090042B1A617D0099C4AA /* Utilities */ = {
			isa = PBXGroup;
			children = (
				6B7090052B1A61900099C4AA /* Enums.swift */,
				6B55422D2B8D3A2D00D374A0 /* DataManager.swift */,
				6B6569202B6E592E00E7433F /* Extentions.swift */,
				6B6804CB2BB3511E006A5F16 /* HapticEngineManager.swift */,
			);
			path = Utilities;
			sourceTree = "<group>";
		};
		6B7090072B1A64E20099C4AA /* CoreData */ = {
			isa = PBXGroup;
			children = (
				6BB574512B6BBEDA007DA12D /* CoreDataClasses */,
				6B5A7E242B1A95BD007FDA57 /* Container.xcdatamodeld */,
				6B70900B2B1A69B60099C4AA /* CoreDataManager.swift */,
			);
			path = CoreData;
			sourceTree = "<group>";
		};
		6B9427C02B48838D00535A16 /* Localization */ = {
			isa = PBXGroup;
			children = (
				6B9427BF2B48837F00535A16 /* Localizable.strings */,
			);
			path = Localization;
			sourceTree = "<group>";
		};
		6B9427C32B496E3000535A16 /* Models */ = {
			isa = PBXGroup;
			children = (
				6B9427C42B496E4400535A16 /* MonthsModel.swift */,
				6B9427C62B496E7200535A16 /* DaysModel.swift */,
				6B65691E2B6E583500E7433F /* CalendarDates.swift */,
			);
			path = Models;
			sourceTree = "<group>";
		};
		6B98ABD92B654BEE0097DF54 /* AlternativeIcons */ = {
			isa = PBXGroup;
			children = (
				6B98ABE22B6558F70097DF54 /* Icon1.png */,
				6B98ABE32B6558F70097DF54 /* Icon2.png */,
				6B98ABE82B6576D00097DF54 /* Icon3.png */,
				6B98ABE92B6576D00097DF54 /* Icon4.png */,
				6B98ABEA2B6576D00097DF54 /* Icon5.png */,
			);
			path = AlternativeIcons;
			sourceTree = "<group>";
		};
		6BA82F262B81F29D00CD3ED1 /* statistic.employes-assistant */ = {
			isa = PBXGroup;
			children = (
				6BA82F272B81F29D00CD3ED1 /* statistic_employes_assistantBundle.swift */,
				6BA82F292B81F29D00CD3ED1 /* statistic_employes_assistant.swift */,
				6B7A849F2B9C8B1800D1ED36 /* SimpleEntry.swift */,
				6B7A849B2B9C88C900D1ED36 /* Extentions.swift */,
				6B7A849D2B9C89A700D1ED36 /* WidgetViewModel.swift */,
				6BA82F2B2B81F29D00CD3ED1 /* AppIntent.swift */,
				6BA82F2D2B81F29E00CD3ED1 /* Assets.xcassets */,
				6BA82F2F2B81F29E00CD3ED1 /* Info.plist */,
			);
			path = "statistic.employes-assistant";
			sourceTree = "<group>";
		};
		6BB574512B6BBEDA007DA12D /* CoreDataClasses */ = {
			isa = PBXGroup;
			children = (
				6BB574492B6BB7A0007DA12D /* DayEntity+CoreDataClass.swift */,
				6BB5744A2B6BB7A0007DA12D /* DayEntity+CoreDataProperties.swift */,
				6BB5744B2B6BB7A0007DA12D /* MonthEntity+CoreDataClass.swift */,
				6BB5744C2B6BB7A0007DA12D /* MonthEntity+CoreDataProperties.swift */,
				6B1670A02B9C906000AD68AB /* NewColorEntity+CoreDataClass.swift */,
				6B1670A32B9C90D000AD68AB /* NewColorEntity+CoreDataProperties.swift */,
			);
			path = CoreDataClasses;
			sourceTree = "<group>";
		};
/* End PBXGroup section */

/* Begin PBXNativeTarget section */
		6B708FDD2B1A5DEA0099C4AA /* Employee's Assistant */ = {
			isa = PBXNativeTarget;
			buildConfigurationList = 6B708FEC2B1A5DEB0099C4AA /* Build configuration list for PBXNativeTarget "Employee's Assistant" */;
			buildPhases = (
				6B708FDA2B1A5DEA0099C4AA /* Sources */,
				6B708FDB2B1A5DEA0099C4AA /* Frameworks */,
				6B708FDC2B1A5DEA0099C4AA /* Resources */,
				6B65693D2B7017C100E7433F /* Embed Foundation Extensions */,
			);
			buildRules = (
			);
			dependencies = (
				6BA82F312B81F29E00CD3ED1 /* PBXTargetDependency */,
			);
			name = "Employee's Assistant";
			productName = "Employe's Assistant";
			productReference = 6B708FDE2B1A5DEA0099C4AA /* Employee's Assistant.app */;
			productType = "com.apple.product-type.application";
		};
		6BA82F222B81F29D00CD3ED1 /* statistic.employes-assistantExtension */ = {
			isa = PBXNativeTarget;
			buildConfigurationList = 6BA82F352B81F29E00CD3ED1 /* Build configuration list for PBXNativeTarget "statistic.employes-assistantExtension" */;
			buildPhases = (
				6BA82F1F2B81F29D00CD3ED1 /* Sources */,
				6BA82F202B81F29D00CD3ED1 /* Frameworks */,
				6BA82F212B81F29D00CD3ED1 /* Resources */,
			);
			buildRules = (
			);
			dependencies = (
			);
			name = "statistic.employes-assistantExtension";
			productName = "statistic.employes-assistantExtension";
			productReference = 6BA82F232B81F29D00CD3ED1 /* statistic.employes-assistantExtension.appex */;
			productType = "com.apple.product-type.app-extension";
		};
/* End PBXNativeTarget section */

/* Begin PBXProject section */
		6B708FD62B1A5DEA0099C4AA /* Project object */ = {
			isa = PBXProject;
			attributes = {
				BuildIndependentTargetsInParallel = 1;
				LastSwiftUpdateCheck = 1520;
				LastUpgradeCheck = 1500;
				TargetAttributes = {
					6B708FDD2B1A5DEA0099C4AA = {
						CreatedOnToolsVersion = 15.0.1;
					};
					6BA82F222B81F29D00CD3ED1 = {
						CreatedOnToolsVersion = 15.2;
					};
				};
			};
			buildConfigurationList = 6B708FD92B1A5DEA0099C4AA /* Build configuration list for PBXProject "Employee's Assistant" */;
			compatibilityVersion = "Xcode 14.0";
			developmentRegion = en;
			hasScannedForEncodings = 0;
			knownRegions = (
				en,
				Base,
				uk,
				cs,
			);
			mainGroup = 6B708FD52B1A5DEA0099C4AA;
			productRefGroup = 6B708FDF2B1A5DEA0099C4AA /* Products */;
			projectDirPath = "";
			projectRoot = "";
			targets = (
				6B708FDD2B1A5DEA0099C4AA /* Employee's Assistant */,
				6BA82F222B81F29D00CD3ED1 /* statistic.employes-assistantExtension */,
			);
		};
/* End PBXProject section */

/* Begin PBXResourcesBuildPhase section */
		6B708FDC2B1A5DEA0099C4AA /* Resources */ = {
			isa = PBXResourcesBuildPhase;
			buildActionMask = 2147483647;
			files = (
				6B98ABEB2B6576D00097DF54 /* Icon3.png in Resources */,
				6B708FE92B1A5DEB0099C4AA /* Preview Assets.xcassets in Resources */,
				6B98ABED2B6576D00097DF54 /* Icon5.png in Resources */,
				6B98ABEC2B6576D00097DF54 /* Icon4.png in Resources */,
				6B9427BD2B48837F00535A16 /* Localizable.strings in Resources */,
				6B98ABE42B6558F70097DF54 /* Icon1.png in Resources */,
				6B98ABE52B6558F70097DF54 /* Icon2.png in Resources */,
				6B708FE62B1A5DEB0099C4AA /* Assets.xcassets in Resources */,
			);
			runOnlyForDeploymentPostprocessing = 0;
		};
		6BA82F212B81F29D00CD3ED1 /* Resources */ = {
			isa = PBXResourcesBuildPhase;
			buildActionMask = 2147483647;
			files = (
				6BA82F2E2B81F29E00CD3ED1 /* Assets.xcassets in Resources */,
			);
			runOnlyForDeploymentPostprocessing = 0;
		};
/* End PBXResourcesBuildPhase section */

/* Begin PBXSourcesBuildPhase section */
		6B708FDA2B1A5DEA0099C4AA /* Sources */ = {
			isa = PBXSourcesBuildPhase;
			buildActionMask = 2147483647;
			files = (
				6BBF3D752B1B44C000C40227 /* MonthProgressBarView.swift in Sources */,
				6BB5744D2B6BB7A0007DA12D /* DayEntity+CoreDataClass.swift in Sources */,
				6BBF3D732B1B2D2400C40227 /* DatePickerVIew.swift in Sources */,
				6B1670A42B9C90D000AD68AB /* NewColorEntity+CoreDataProperties.swift in Sources */,
				6B6804B92BB1F97C006A5F16 /* OnboardingMainView.swift in Sources */,
				6B708FFD2B1A611E0099C4AA /* MonthsMainView.swift in Sources */,
				6B708FE42B1A5DEA0099C4AA /* ContentView.swift in Sources */,
				6B7090032B1A61440099C4AA /* SettingsMainView.swift in Sources */,
				6B5A7E232B1A8B68007FDA57 /* AddDayView.swift in Sources */,
				6B1670A12B9C906000AD68AB /* NewColorEntity+CoreDataClass.swift in Sources */,
				6B65691F2B6E583500E7433F /* CalendarDates.swift in Sources */,
				6B6569212B6E592E00E7433F /* Extentions.swift in Sources */,
				6BB5744F2B6BB7A0007DA12D /* MonthEntity+CoreDataClass.swift in Sources */,
				6B9427C72B496E7200535A16 /* DaysModel.swift in Sources */,
				6B6569232B6E712800E7433F /* ListView.swift in Sources */,
				6B9427C52B496E4400535A16 /* MonthsModel.swift in Sources */,
				6B6804C72BB3196E006A5F16 /* FourthOnboardingView.swift in Sources */,
				6BB574532B6BC552007DA12D /* CustomShareSheetView.swift in Sources */,
				6B5A7E262B1A95BD007FDA57 /* Container.xcdatamodeld in Sources */,
				6B6804CA2BB32162006A5F16 /* OnboardingViewModel.swift in Sources */,
				6B708FFF2B1A612D0099C4AA /* StatisticMainView.swift in Sources */,
				6B4B642B2B22406B0063783D /* StatisticByMonthsChartView.swift in Sources */,
				6BB574502B6BB7A0007DA12D /* MonthEntity+CoreDataProperties.swift in Sources */,
				6B2A83F92B3613AC00BB1B6A /* SettingsViewModel.swift in Sources */,
				6B29CE0F2B9E57810011DDA4 /* CustomChartView.swift in Sources */,
				6BB5744E2B6BB7A0007DA12D /* DayEntity+CoreDataProperties.swift in Sources */,
				6B7090062B1A61900099C4AA /* Enums.swift in Sources */,
				6B98ABD72B654A100097DF54 /* AlternativeIconView.swift in Sources */,
				6B5A7E212B1A8266007FDA57 /* DayDetailView.swift in Sources */,
				6B6804BB2BB1FA66006A5F16 /* FirstOnboardingView.swift in Sources */,
				6B6804CC2BB3511E006A5F16 /* HapticEngineManager.swift in Sources */,
				6BBF3D7B2B1BA47800C40227 /* ChartView.swift in Sources */,
				6BBF3D6F2B1B25AB00C40227 /* MoreDetailsOfDayView.swift in Sources */,
				6B70900C2B1A69B60099C4AA /* CoreDataManager.swift in Sources */,
				6B6804BD2BB1FA79006A5F16 /* SecondOnboardingView.swift in Sources */,
				6B98ABEF2B6587C80097DF54 /* CustomPopOver.swift in Sources */,
				6B3C65002B3DFECB0060158B /* ProgresBarView.swift in Sources */,
				6B2A83FB2B362FA800BB1B6A /* SetHourSalaryView.swift in Sources */,
				6BBF3D792B1B582500C40227 /* MonthDetailView.swift in Sources */,
				6B708FE22B1A5DEA0099C4AA /* Employe_s_AssistantApp.swift in Sources */,
				6B2FE3202B3C9B8B009B3299 /* ColorPickerView.swift in Sources */,
				6B5A7E1F2B1A7C64007FDA57 /* AddMonthView.swift in Sources */,
				6B55422E2B8D3A2D00D374A0 /* DataManager.swift in Sources */,
				6B65691D2B6E56B100E7433F /* CalendarView.swift in Sources */,
				6BBF3D772B1B52F100C40227 /* StatisticViewModel.swift in Sources */,
				6B5A7E1D2B1A6C68007FDA57 /* MonthsViewModel.swift in Sources */,
				6B6804BF2BB1FAAF006A5F16 /* TheardOnboardingView.swift in Sources */,
				6B5842B22B6AF09C00C2688C /* ExportCoreDataView.swift in Sources */,
			);
			runOnlyForDeploymentPostprocessing = 0;
		};
		6BA82F1F2B81F29D00CD3ED1 /* Sources */ = {
			isa = PBXSourcesBuildPhase;
			buildActionMask = 2147483647;
			files = (
				6B7A849E2B9C89A700D1ED36 /* WidgetViewModel.swift in Sources */,
				6BA82F282B81F29D00CD3ED1 /* statistic_employes_assistantBundle.swift in Sources */,
				6BA82F372B81F73A00CD3ED1 /* Container.xcdatamodeld in Sources */,
				6BA82F2A2B81F29D00CD3ED1 /* statistic_employes_assistant.swift in Sources */,
				6B7A84A02B9C8B1800D1ED36 /* SimpleEntry.swift in Sources */,
				6B7A849C2B9C88C900D1ED36 /* Extentions.swift in Sources */,
				6BA82F392B81FF9800CD3ED1 /* CoreDataManager.swift in Sources */,
				6BA82F2C2B81F29D00CD3ED1 /* AppIntent.swift in Sources */,
				6B4D269E2B820C2900215DF7 /* MonthEntity+CoreDataProperties.swift in Sources */,
				6B4D269D2B820C2100215DF7 /* MonthEntity+CoreDataClass.swift in Sources */,
				6B1670A22B9C906000AD68AB /* NewColorEntity+CoreDataClass.swift in Sources */,
				6BE3289F2B939D7600D4CB4A /* CalendarDates.swift in Sources */,
				6B4D269F2B820C3400215DF7 /* DayEntity+CoreDataProperties.swift in Sources */,
				6B4D26A02B820C3700215DF7 /* DayEntity+CoreDataClass.swift in Sources */,
				6B1670A52B9C90D000AD68AB /* NewColorEntity+CoreDataProperties.swift in Sources */,
			);
			runOnlyForDeploymentPostprocessing = 0;
		};
/* End PBXSourcesBuildPhase section */

/* Begin PBXTargetDependency section */
		6BA82F312B81F29E00CD3ED1 /* PBXTargetDependency */ = {
			isa = PBXTargetDependency;
			target = 6BA82F222B81F29D00CD3ED1 /* statistic.employes-assistantExtension */;
			targetProxy = 6BA82F302B81F29E00CD3ED1 /* PBXContainerItemProxy */;
		};
/* End PBXTargetDependency section */

/* Begin PBXVariantGroup section */
		6B9427BF2B48837F00535A16 /* Localizable.strings */ = {
			isa = PBXVariantGroup;
			children = (
				6B9427BE2B48837F00535A16 /* en */,
				6B9427C12B4883A900535A16 /* uk */,
				6B9427C22B4883B200535A16 /* cs */,
			);
			name = Localizable.strings;
			sourceTree = "<group>";
		};
/* End PBXVariantGroup section */

/* Begin XCBuildConfiguration section */
		6B708FEA2B1A5DEB0099C4AA /* Debug */ = {
			isa = XCBuildConfiguration;
			buildSettings = {
				ALWAYS_SEARCH_USER_PATHS = NO;
				ASSETCATALOG_COMPILER_GENERATE_SWIFT_ASSET_SYMBOL_EXTENSIONS = YES;
				CLANG_ANALYZER_LOCALIZABILITY_NONLOCALIZED = YES;
				CLANG_ANALYZER_NONNULL = YES;
				CLANG_ANALYZER_NUMBER_OBJECT_CONVERSION = YES_AGGRESSIVE;
				CLANG_CXX_LANGUAGE_STANDARD = "gnu++20";
				CLANG_ENABLE_MODULES = YES;
				CLANG_ENABLE_OBJC_ARC = YES;
				CLANG_ENABLE_OBJC_WEAK = YES;
				CLANG_WARN_BLOCK_CAPTURE_AUTORELEASING = YES;
				CLANG_WARN_BOOL_CONVERSION = YES;
				CLANG_WARN_COMMA = YES;
				CLANG_WARN_CONSTANT_CONVERSION = YES;
				CLANG_WARN_DEPRECATED_OBJC_IMPLEMENTATIONS = YES;
				CLANG_WARN_DIRECT_OBJC_ISA_USAGE = YES_ERROR;
				CLANG_WARN_DOCUMENTATION_COMMENTS = YES;
				CLANG_WARN_EMPTY_BODY = YES;
				CLANG_WARN_ENUM_CONVERSION = YES;
				CLANG_WARN_INFINITE_RECURSION = YES;
				CLANG_WARN_INT_CONVERSION = YES;
				CLANG_WARN_NON_LITERAL_NULL_CONVERSION = YES;
				CLANG_WARN_OBJC_IMPLICIT_RETAIN_SELF = YES;
				CLANG_WARN_OBJC_LITERAL_CONVERSION = YES;
				CLANG_WARN_OBJC_ROOT_CLASS = YES_ERROR;
				CLANG_WARN_QUOTED_INCLUDE_IN_FRAMEWORK_HEADER = YES;
				CLANG_WARN_RANGE_LOOP_ANALYSIS = YES;
				CLANG_WARN_STRICT_PROTOTYPES = YES;
				CLANG_WARN_SUSPICIOUS_MOVE = YES;
				CLANG_WARN_UNGUARDED_AVAILABILITY = YES_AGGRESSIVE;
				CLANG_WARN_UNREACHABLE_CODE = YES;
				CLANG_WARN__DUPLICATE_METHOD_MATCH = YES;
				COPY_PHASE_STRIP = NO;
				DEBUG_INFORMATION_FORMAT = dwarf;
				ENABLE_STRICT_OBJC_MSGSEND = YES;
				ENABLE_TESTABILITY = YES;
				ENABLE_USER_SCRIPT_SANDBOXING = YES;
				GCC_C_LANGUAGE_STANDARD = gnu17;
				GCC_DYNAMIC_NO_PIC = NO;
				GCC_NO_COMMON_BLOCKS = YES;
				GCC_OPTIMIZATION_LEVEL = 0;
				GCC_PREPROCESSOR_DEFINITIONS = (
					"DEBUG=1",
					"$(inherited)",
				);
				GCC_WARN_64_TO_32_BIT_CONVERSION = YES;
				GCC_WARN_ABOUT_RETURN_TYPE = YES_ERROR;
				GCC_WARN_UNDECLARED_SELECTOR = YES;
				GCC_WARN_UNINITIALIZED_AUTOS = YES_AGGRESSIVE;
				GCC_WARN_UNUSED_FUNCTION = YES;
				GCC_WARN_UNUSED_VARIABLE = YES;
				GENERATE_INFOPLIST_FILE = NO;
				IPHONEOS_DEPLOYMENT_TARGET = 16.0;
				LOCALIZATION_PREFERS_STRING_CATALOGS = YES;
				MTL_ENABLE_DEBUG_INFO = INCLUDE_SOURCE;
				MTL_FAST_MATH = YES;
				ONLY_ACTIVE_ARCH = YES;
				SDKROOT = iphoneos;
				SWIFT_ACTIVE_COMPILATION_CONDITIONS = "DEBUG $(inherited)";
				SWIFT_OPTIMIZATION_LEVEL = "-Onone";
			};
			name = Debug;
		};
		6B708FEB2B1A5DEB0099C4AA /* Release */ = {
			isa = XCBuildConfiguration;
			buildSettings = {
				ALWAYS_SEARCH_USER_PATHS = NO;
				ASSETCATALOG_COMPILER_GENERATE_SWIFT_ASSET_SYMBOL_EXTENSIONS = YES;
				CLANG_ANALYZER_LOCALIZABILITY_NONLOCALIZED = YES;
				CLANG_ANALYZER_NONNULL = YES;
				CLANG_ANALYZER_NUMBER_OBJECT_CONVERSION = YES_AGGRESSIVE;
				CLANG_CXX_LANGUAGE_STANDARD = "gnu++20";
				CLANG_ENABLE_MODULES = YES;
				CLANG_ENABLE_OBJC_ARC = YES;
				CLANG_ENABLE_OBJC_WEAK = YES;
				CLANG_WARN_BLOCK_CAPTURE_AUTORELEASING = YES;
				CLANG_WARN_BOOL_CONVERSION = YES;
				CLANG_WARN_COMMA = YES;
				CLANG_WARN_CONSTANT_CONVERSION = YES;
				CLANG_WARN_DEPRECATED_OBJC_IMPLEMENTATIONS = YES;
				CLANG_WARN_DIRECT_OBJC_ISA_USAGE = YES_ERROR;
				CLANG_WARN_DOCUMENTATION_COMMENTS = YES;
				CLANG_WARN_EMPTY_BODY = YES;
				CLANG_WARN_ENUM_CONVERSION = YES;
				CLANG_WARN_INFINITE_RECURSION = YES;
				CLANG_WARN_INT_CONVERSION = YES;
				CLANG_WARN_NON_LITERAL_NULL_CONVERSION = YES;
				CLANG_WARN_OBJC_IMPLICIT_RETAIN_SELF = YES;
				CLANG_WARN_OBJC_LITERAL_CONVERSION = YES;
				CLANG_WARN_OBJC_ROOT_CLASS = YES_ERROR;
				CLANG_WARN_QUOTED_INCLUDE_IN_FRAMEWORK_HEADER = YES;
				CLANG_WARN_RANGE_LOOP_ANALYSIS = YES;
				CLANG_WARN_STRICT_PROTOTYPES = YES;
				CLANG_WARN_SUSPICIOUS_MOVE = YES;
				CLANG_WARN_UNGUARDED_AVAILABILITY = YES_AGGRESSIVE;
				CLANG_WARN_UNREACHABLE_CODE = YES;
				CLANG_WARN__DUPLICATE_METHOD_MATCH = YES;
				COPY_PHASE_STRIP = NO;
				DEBUG_INFORMATION_FORMAT = "dwarf-with-dsym";
				ENABLE_NS_ASSERTIONS = NO;
				ENABLE_STRICT_OBJC_MSGSEND = YES;
				ENABLE_USER_SCRIPT_SANDBOXING = YES;
				GCC_C_LANGUAGE_STANDARD = gnu17;
				GCC_NO_COMMON_BLOCKS = YES;
				GCC_WARN_64_TO_32_BIT_CONVERSION = YES;
				GCC_WARN_ABOUT_RETURN_TYPE = YES_ERROR;
				GCC_WARN_UNDECLARED_SELECTOR = YES;
				GCC_WARN_UNINITIALIZED_AUTOS = YES_AGGRESSIVE;
				GCC_WARN_UNUSED_FUNCTION = YES;
				GCC_WARN_UNUSED_VARIABLE = YES;
				GENERATE_INFOPLIST_FILE = NO;
				IPHONEOS_DEPLOYMENT_TARGET = 16.0;
				LOCALIZATION_PREFERS_STRING_CATALOGS = YES;
				MTL_ENABLE_DEBUG_INFO = NO;
				MTL_FAST_MATH = YES;
				SDKROOT = iphoneos;
				SWIFT_COMPILATION_MODE = wholemodule;
				VALIDATE_PRODUCT = YES;
			};
			name = Release;
		};
		6B708FED2B1A5DEB0099C4AA /* Debug */ = {
			isa = XCBuildConfiguration;
			buildSettings = {
				ALWAYS_EMBED_SWIFT_STANDARD_LIBRARIES = YES;
				ASSETCATALOG_COMPILER_APPICON_NAME = AppIcon;
				ASSETCATALOG_COMPILER_GLOBAL_ACCENT_COLOR_NAME = AccentColor;
				CODE_SIGN_ENTITLEMENTS = "Employee's Assistant.entitlements";
				CODE_SIGN_STYLE = Automatic;
				CURRENT_PROJECT_VERSION = 1;
				DEVELOPMENT_ASSET_PATHS = "\"Employe's Assistant/Preview Content\"";
				DEVELOPMENT_TEAM = XYXST7NTMH;
				ENABLE_PREVIEWS = YES;
				GENERATE_INFOPLIST_FILE = YES;
				INFOPLIST_FILE = "Employee-s-Assistant-Info.plist";
				INFOPLIST_KEY_CFBundleDisplayName = "Employee's Assistant";
				INFOPLIST_KEY_LSApplicationCategoryType = "public.app-category.productivity";
				INFOPLIST_KEY_NSHumanReadableCopyright = "";
				INFOPLIST_KEY_UIApplicationSceneManifest_Generation = YES;
				INFOPLIST_KEY_UIApplicationSupportsIndirectInputEvents = YES;
				INFOPLIST_KEY_UILaunchScreen_Generation = YES;
				INFOPLIST_KEY_UISupportedInterfaceOrientations = UIInterfaceOrientationPortrait;
				INFOPLIST_KEY_UISupportedInterfaceOrientations_iPad = "UIInterfaceOrientationLandscapeLeft UIInterfaceOrientationLandscapeRight UIInterfaceOrientationPortrait UIInterfaceOrientationPortraitUpsideDown";
				IPHONEOS_DEPLOYMENT_TARGET = 16.0;
				LD_RUNPATH_SEARCH_PATHS = (
					"$(inherited)",
					"@executable_path/Frameworks",
				);
				MARKETING_VERSION = 1.0;
				PRODUCT_BUNDLE_IDENTIFIER = "employes-assistant.Employe-s-Assistant";
				PRODUCT_NAME = "$(TARGET_NAME)";
				SUPPORTED_PLATFORMS = "iphoneos iphonesimulator";
				SUPPORTS_MACCATALYST = NO;
				SUPPORTS_MAC_DESIGNED_FOR_IPHONE_IPAD = NO;
				SUPPORTS_XR_DESIGNED_FOR_IPHONE_IPAD = NO;
				SWIFT_EMIT_LOC_STRINGS = YES;
				SWIFT_VERSION = 5.0;
				TARGETED_DEVICE_FAMILY = 1;
			};
			name = Debug;
		};
		6B708FEE2B1A5DEB0099C4AA /* Release */ = {
			isa = XCBuildConfiguration;
			buildSettings = {
				ALWAYS_EMBED_SWIFT_STANDARD_LIBRARIES = YES;
				ASSETCATALOG_COMPILER_APPICON_NAME = AppIcon;
				ASSETCATALOG_COMPILER_GLOBAL_ACCENT_COLOR_NAME = AccentColor;
				CODE_SIGN_ENTITLEMENTS = "Employee's Assistant.entitlements";
				CODE_SIGN_STYLE = Automatic;
				CURRENT_PROJECT_VERSION = 1;
				DEVELOPMENT_ASSET_PATHS = "\"Employe's Assistant/Preview Content\"";
				DEVELOPMENT_TEAM = XYXST7NTMH;
				ENABLE_PREVIEWS = YES;
				GENERATE_INFOPLIST_FILE = YES;
				INFOPLIST_FILE = "Employee-s-Assistant-Info.plist";
				INFOPLIST_KEY_CFBundleDisplayName = "Employee's Assistant";
				INFOPLIST_KEY_LSApplicationCategoryType = "public.app-category.productivity";
				INFOPLIST_KEY_NSHumanReadableCopyright = "";
				INFOPLIST_KEY_UIApplicationSceneManifest_Generation = YES;
				INFOPLIST_KEY_UIApplicationSupportsIndirectInputEvents = YES;
				INFOPLIST_KEY_UILaunchScreen_Generation = YES;
				INFOPLIST_KEY_UISupportedInterfaceOrientations = UIInterfaceOrientationPortrait;
				INFOPLIST_KEY_UISupportedInterfaceOrientations_iPad = "UIInterfaceOrientationLandscapeLeft UIInterfaceOrientationLandscapeRight UIInterfaceOrientationPortrait UIInterfaceOrientationPortraitUpsideDown";
				IPHONEOS_DEPLOYMENT_TARGET = 16.0;
				LD_RUNPATH_SEARCH_PATHS = (
					"$(inherited)",
					"@executable_path/Frameworks",
				);
				MARKETING_VERSION = 1.0;
				PRODUCT_BUNDLE_IDENTIFIER = "employes-assistant.Employe-s-Assistant";
				PRODUCT_NAME = "$(TARGET_NAME)";
				SUPPORTED_PLATFORMS = "iphoneos iphonesimulator";
				SUPPORTS_MACCATALYST = NO;
				SUPPORTS_MAC_DESIGNED_FOR_IPHONE_IPAD = NO;
				SUPPORTS_XR_DESIGNED_FOR_IPHONE_IPAD = NO;
				SWIFT_EMIT_LOC_STRINGS = YES;
				SWIFT_VERSION = 5.0;
				TARGETED_DEVICE_FAMILY = 1;
			};
			name = Release;
		};
		6BA82F332B81F29E00CD3ED1 /* Debug */ = {
			isa = XCBuildConfiguration;
			buildSettings = {
				ASSETCATALOG_COMPILER_GLOBAL_ACCENT_COLOR_NAME = AccentColor;
				ASSETCATALOG_COMPILER_WIDGET_BACKGROUND_COLOR_NAME = WidgetBackground;
				CODE_SIGN_ENTITLEMENTS = "statistic.employes-assistantExtension.entitlements";
				CODE_SIGN_STYLE = Automatic;
				CURRENT_PROJECT_VERSION = 1;
				DEVELOPMENT_TEAM = XYXST7NTMH;
				GENERATE_INFOPLIST_FILE = YES;
				INFOPLIST_FILE = "statistic.employes-assistant/Info.plist";
				INFOPLIST_KEY_CFBundleDisplayName = "statistic.employes-assistant";
				INFOPLIST_KEY_NSHumanReadableCopyright = "";
				IPHONEOS_DEPLOYMENT_TARGET = 17.0;
				LD_RUNPATH_SEARCH_PATHS = (
					"$(inherited)",
					"@executable_path/Frameworks",
					"@executable_path/../../Frameworks",
				);
				MARKETING_VERSION = 1.0;
				PRODUCT_BUNDLE_IDENTIFIER = "employes-assistant.Employe-s-Assistant.statistic-employes-assistant";
				PRODUCT_NAME = "$(TARGET_NAME)";
				SKIP_INSTALL = YES;
				SUPPORTED_PLATFORMS = "iphoneos iphonesimulator";
				SUPPORTS_MACCATALYST = NO;
				SUPPORTS_XR_DESIGNED_FOR_IPHONE_IPAD = NO;
				SWIFT_EMIT_LOC_STRINGS = YES;
				SWIFT_VERSION = 5.0;
				TARGETED_DEVICE_FAMILY = "1,2";
			};
			name = Debug;
		};
		6BA82F342B81F29E00CD3ED1 /* Release */ = {
			isa = XCBuildConfiguration;
			buildSettings = {
				ASSETCATALOG_COMPILER_GLOBAL_ACCENT_COLOR_NAME = AccentColor;
				ASSETCATALOG_COMPILER_WIDGET_BACKGROUND_COLOR_NAME = WidgetBackground;
				CODE_SIGN_ENTITLEMENTS = "statistic.employes-assistantExtension.entitlements";
				CODE_SIGN_STYLE = Automatic;
				CURRENT_PROJECT_VERSION = 1;
				DEVELOPMENT_TEAM = XYXST7NTMH;
				GENERATE_INFOPLIST_FILE = YES;
				INFOPLIST_FILE = "statistic.employes-assistant/Info.plist";
				INFOPLIST_KEY_CFBundleDisplayName = "statistic.employes-assistant";
				INFOPLIST_KEY_NSHumanReadableCopyright = "";
				IPHONEOS_DEPLOYMENT_TARGET = 17.0;
				LD_RUNPATH_SEARCH_PATHS = (
					"$(inherited)",
					"@executable_path/Frameworks",
					"@executable_path/../../Frameworks",
				);
				MARKETING_VERSION = 1.0;
				PRODUCT_BUNDLE_IDENTIFIER = "employes-assistant.Employe-s-Assistant.statistic-employes-assistant";
				PRODUCT_NAME = "$(TARGET_NAME)";
				SKIP_INSTALL = YES;
				SUPPORTED_PLATFORMS = "iphoneos iphonesimulator";
				SUPPORTS_MACCATALYST = NO;
				SUPPORTS_XR_DESIGNED_FOR_IPHONE_IPAD = NO;
				SWIFT_EMIT_LOC_STRINGS = YES;
				SWIFT_VERSION = 5.0;
				TARGETED_DEVICE_FAMILY = "1,2";
			};
			name = Release;
		};
/* End XCBuildConfiguration section */

/* Begin XCConfigurationList section */
		6B708FD92B1A5DEA0099C4AA /* Build configuration list for PBXProject "Employee's Assistant" */ = {
			isa = XCConfigurationList;
			buildConfigurations = (
				6B708FEA2B1A5DEB0099C4AA /* Debug */,
				6B708FEB2B1A5DEB0099C4AA /* Release */,
			);
			defaultConfigurationIsVisible = 0;
			defaultConfigurationName = Release;
		};
		6B708FEC2B1A5DEB0099C4AA /* Build configuration list for PBXNativeTarget "Employee's Assistant" */ = {
			isa = XCConfigurationList;
			buildConfigurations = (
				6B708FED2B1A5DEB0099C4AA /* Debug */,
				6B708FEE2B1A5DEB0099C4AA /* Release */,
			);
			defaultConfigurationIsVisible = 0;
			defaultConfigurationName = Release;
		};
		6BA82F352B81F29E00CD3ED1 /* Build configuration list for PBXNativeTarget "statistic.employes-assistantExtension" */ = {
			isa = XCConfigurationList;
			buildConfigurations = (
				6BA82F332B81F29E00CD3ED1 /* Debug */,
				6BA82F342B81F29E00CD3ED1 /* Release */,
			);
			defaultConfigurationIsVisible = 0;
			defaultConfigurationName = Release;
		};
/* End XCConfigurationList section */

/* Begin XCVersionGroup section */
		6B5A7E242B1A95BD007FDA57 /* Container.xcdatamodeld */ = {
			isa = XCVersionGroup;
			children = (
				6B5A7E252B1A95BD007FDA57 /* Container.xcdatamodel */,
			);
			currentVersion = 6B5A7E252B1A95BD007FDA57 /* Container.xcdatamodel */;
			path = Container.xcdatamodeld;
			sourceTree = "<group>";
			versionGroupType = wrapper.xcdatamodel;
		};
/* End XCVersionGroup section */
	};
	rootObject = 6B708FD62B1A5DEA0099C4AA /* Project object */;
}
